<?xml version="1.0" encoding="UTF-8" standalone="yes" ?>
<CodeBlocks_project_file>
	<FileVersion major="1" minor="6" />
	<Project>
		<Option title="Fighter2" />
		<Option pch_mode="2" />
		<Option compiler="gcc" />
		<Build>
			<Target title="Debug">
				<Option output="bin/Debug/Fighter2" prefix_auto="1" extension_auto="1" />
				<Option object_output="obj/Debug/" />
				<Option type="1" />
				<Option compiler="gcc" />
				<Compiler>
					<Add option="-g" />
				</Compiler>
			</Target>
			<Target title="Release">
				<Option output="bin/Release/Fighter2" prefix_auto="1" extension_auto="1" />
				<Option object_output="obj/Release/" />
				<Option type="0" />
				<Option compiler="gcc" />
				<Compiler>
					<Add option="-O2" />
				</Compiler>
				<Linker>
					<Add option="-s" />
				</Linker>
			</Target>
		</Build>
		<Compiler>
			<Add option="-Wall" />
			<Add option="-fexceptions" />
		</Compiler>
		<Unit filename="Fighter/Fighter.cpp" />
		<Unit filename="Fighter/Fighter.h" />
		<Unit filename="Fighter/FighterMenu/FighterMenu.cpp" />
		<Unit filename="Fighter/FighterMenu/FighterMenu.h" />
		<Unit filename="Fighter/Personaje/Animacion.cpp" />
		<Unit filename="Fighter/Personaje/Animacion.h" />
		<Unit filename="Fighter/Personaje/Barra.cpp" />
		<Unit filename="Fighter/Personaje/Barra.h" />
		<Unit filename="Fighter/Personaje/Condicion.cpp" />
		<Unit filename="Fighter/Personaje/Condicion.h" />
		<Unit filename="Fighter/Personaje/Frame.cpp" />
		<Unit filename="Fighter/Personaje/Frame.h" />
		<Unit filename="Fighter/Personaje/HitBox.cpp" />
		<Unit filename="Fighter/Personaje/HitBox.h" />
		<Unit filename="Fighter/Personaje/Imagen.cpp" />
		<Unit filename="Fighter/Personaje/Imagen.h" />
		<Unit filename="Fighter/Personaje/InputMovimiento.cpp" />
		<Unit filename="Fighter/Personaje/InputMovimiento.h" />
		<Unit filename="Fighter/Personaje/Modificador.cpp" />
		<Unit filename="Fighter/Personaje/Modificador.h" />
		<Unit filename="Fighter/Personaje/ModificadorBarra.cpp" />
		<Unit filename="Fighter/Personaje/ModificadorBarra.h" />
		<Unit filename="Fighter/Personaje/ModificadorEntero.cpp" />
		<Unit filename="Fighter/Personaje/ModificadorEntero.h" />
		<Unit filename="Fighter/Personaje/ModificadorHitboxes.cpp" />
		<Unit filename="Fighter/Personaje/ModificadorHitboxes.h" />
		<Unit filename="Fighter/Personaje/ModificadorImagen.cpp" />
		<Unit filename="Fighter/Personaje/ModificadorImagen.h" />
		<Unit filename="Fighter/Personaje/ModificadorPorVariable.cpp" />
		<Unit filename="Fighter/Personaje/ModificadorPorVariable.h" />
		<Unit filename="Fighter/Personaje/ModificadorString.cpp" />
		<Unit filename="Fighter/Personaje/ModificadorString.h" />
		<Unit filename="Fighter/Personaje/Movimiento.cpp" />
		<Unit filename="Fighter/Personaje/Movimiento.h" />
		<Unit filename="Fighter/Personaje/Paleta.cpp" />
		<Unit filename="Fighter/Personaje/Paleta.h" />
		<Unit filename="Fighter/Personaje/Personaje.cpp" />
		<Unit filename="Fighter/Personaje/Personaje.h" />
		<Unit filename="Fighter/Personaje/Proyectil.cpp" />
		<Unit filename="Fighter/Personaje/Proyectil.h" />
		<Unit filename="Fighter/Stage/Stage.cpp" />
		<Unit filename="Fighter/Stage/Stage.h" />
		<Unit filename="Rosalila/IA/Automata.cpp" />
		<Unit filename="Rosalila/IA/Automata.h" />
		<Unit filename="Rosalila/IA/Estado.cpp" />
		<Unit filename="Rosalila/IA/Estado.h" />
		<Unit filename="Rosalila/IA/IA.cpp" />
		<Unit filename="Rosalila/IA/IA.h" />
		<Unit filename="Rosalila/IA/Transicion.cpp" />
		<Unit filename="Rosalila/IA/Transicion.h" />
		<Unit filename="Rosalila/Menu/Elemento.cpp" />
		<Unit filename="Rosalila/Menu/Elemento.h" />
		<Unit filename="Rosalila/Menu/MenuBarra.cpp" />
		<Unit filename="Rosalila/Menu/MenuBarra.h" />
		<Unit filename="Rosalila/Menu/MenuBoton.cpp" />
		<Unit filename="Rosalila/Menu/MenuBoton.h" />
		<Unit filename="Rosalila/Menu/MenuCharSelect.cpp" />
		<Unit filename="Rosalila/Menu/MenuCharSelect.h" />
		<Unit filename="Rosalila/Menu/MenuContenedor.cpp" />
		<Unit filename="Rosalila/Menu/MenuContenedor.h" />
		<Unit filename="Rosalila/Menu/MenuImagen.cpp" />
		<Unit filename="Rosalila/Menu/MenuImagen.h" />
		<Unit filename="Rosalila/Menu/MenuLista.cpp" />
		<Unit filename="Rosalila/Menu/MenuLista.h" />
		<Unit filename="Rosalila/Menu/MenuTexto.cpp" />
		<Unit filename="Rosalila/Menu/MenuTexto.h" />
		<Unit filename="Rosalila/RosalilaGraphics/Animation.cpp" />
		<Unit filename="Rosalila/RosalilaGraphics/Animation.h" />
		<Unit filename="Rosalila/RosalilaGraphics/Cube.cpp" />
		<Unit filename="Rosalila/RosalilaGraphics/Cube.h" />
		<Unit filename="Rosalila/RosalilaGraphics/Image.cpp" />
		<Unit filename="Rosalila/RosalilaGraphics/Image.h" />
		<Unit filename="Rosalila/RosalilaGraphics/MPEGfilter.h" />
		<Unit filename="Rosalila/RosalilaGraphics/Object3D.cpp" />
		<Unit filename="Rosalila/RosalilaGraphics/Object3D.h" />
		<Unit filename="Rosalila/RosalilaGraphics/RosalilaGraphics.cpp" />
		<Unit filename="Rosalila/RosalilaGraphics/RosalilaGraphics.h" />
		<Unit filename="Rosalila/RosalilaGraphics/SDL_Movie.h" />
		<Unit filename="Rosalila/RosalilaGraphics/Timer.cpp" />
		<Unit filename="Rosalila/RosalilaGraphics/Timer.h" />
		<Unit filename="Rosalila/RosalilaGraphics/smpeg.h" />
		<Unit filename="Rosalila/RosalilaInputs/Boton.cpp" />
		<Unit filename="Rosalila/RosalilaInputs/Boton.h" />
		<Unit filename="Rosalila/RosalilaInputs/Receiver.cpp" />
		<Unit filename="Rosalila/RosalilaInputs/Receiver.h" />
		<Unit filename="Rosalila/RosalilaInputs/RosalilaInputs.cpp" />
		<Unit filename="Rosalila/RosalilaInputs/RosalilaInputs.h" />
		<Unit filename="Rosalila/RosalilaSound/RosalilaSound.cpp" />
		<Unit filename="Rosalila/RosalilaSound/RosalilaSound.h" />
		<Unit filename="Rosalila/TinyXml/tinystr.cpp" />
		<Unit filename="Rosalila/TinyXml/tinystr.h" />
		<Unit filename="Rosalila/TinyXml/tinyxml.cpp" />
		<Unit filename="Rosalila/TinyXml/tinyxml.h" />
		<Unit filename="Rosalila/TinyXml/tinyxmlerror.cpp" />
		<Unit filename="Rosalila/TinyXml/tinyxmlparser.cpp" />
		<Unit filename="Rosalila/Utility/Utility.cpp" />
		<Unit filename="Rosalila/Utility/Utility.h" />
		<Unit filename="main.cpp" />
		<Extensions>
			<code_completion />
			<debugger />
			<envvars />
		</Extensions>
	</Project>
</CodeBlocks_project_file>
