<?xml version="1.0" encoding="UTF-8" standalone="yes" ?>
<CodeBlocks_project_file>
	<FileVersion major="1" minor="6" />
	<Project>
		<Option title="Fighter2" />
		<Option pch_mode="2" />
		<Option compiler="gcc" />
		<Build>
			<Target title="Debug">
				<Option output="bin/Debug/Fighter2" prefix_auto="1" extension_auto="1" />
				<Option object_output="obj/Debug/" />
				<Option type="1" />
				<Option compiler="gcc" />
				<Compiler>
					<Add option="-g" />
				</Compiler>
			</Target>
			<Target title="Release">
				<Option output="bin/Release/Fighter2" prefix_auto="1" extension_auto="1" />
				<Option object_output="obj/Release/" />
				<Option type="1" />
				<Option compiler="gcc" />
				<Compiler>
					<Add option="-O2" />
				</Compiler>
				<Linker>
					<Add option="-s" />
				</Linker>
			</Target>
		</Build>
		<Compiler>
			<Add option="-Wall" />
			<Add option="-fexceptions" />
		</Compiler>
		<Unit filename="include/AtributosPersonaje/Barra.h" />
		<Unit filename="include/AtributosPersonaje/Condicion.h" />
		<Unit filename="include/AtributosPersonaje/Frame.h" />
		<Unit filename="include/AtributosPersonaje/HitBox.h" />
		<Unit filename="include/AtributosPersonaje/Imagen.h" />
		<Unit filename="include/AtributosPersonaje/InputMovimiento.h" />
		<Unit filename="include/AtributosPersonaje/Modificador.h" />
		<Unit filename="include/AtributosPersonaje/ModificadorBarra.h" />
		<Unit filename="include/AtributosPersonaje/ModificadorEntero.h" />
		<Unit filename="include/AtributosPersonaje/ModificadorHitboxes.h" />
		<Unit filename="include/AtributosPersonaje/ModificadorImagen.h" />
		<Unit filename="include/AtributosPersonaje/ModificadorPorVariable.h" />
		<Unit filename="include/AtributosPersonaje/ModificadorString.h" />
		<Unit filename="include/AtributosPersonaje/Movimiento.h" />
		<Unit filename="include/AtributosPersonaje/Proyectil.h" />
		<Unit filename="include/Fighter.h" />
		<Unit filename="include/Grafico/Grafico.h" />
		<Unit filename="include/Input/Boton.h" />
		<Unit filename="include/Input/Input.h" />
		<Unit filename="include/Input/Receiver.h" />
		<Unit filename="include/Menu/Elemento.h" />
		<Unit filename="include/Menu/Menu.h" />
		<Unit filename="include/Menu/MenuBarra.h" />
		<Unit filename="include/Menu/MenuBoton.h" />
		<Unit filename="include/Menu/MenuContenedor.h" />
		<Unit filename="include/Menu/MenuImagen.h" />
		<Unit filename="include/Menu/MenuLista.h" />
		<Unit filename="include/Menu/MenuTexto.h" />
		<Unit filename="include/Sonido.h" />
		<Unit filename="include/Stage.h" />
		<Unit filename="include/TinyXml/tinystr.h" />
		<Unit filename="include/TinyXml/tinyxml.h" />
		<Unit filename="main.cpp" />
		<Unit filename="src/AtributosPersonaje/Barra.cpp" />
		<Unit filename="src/AtributosPersonaje/Condicion.cpp" />
		<Unit filename="src/AtributosPersonaje/Frame.cpp" />
		<Unit filename="src/AtributosPersonaje/HitBox.cpp" />
		<Unit filename="src/AtributosPersonaje/Imagen.cpp" />
		<Unit filename="src/AtributosPersonaje/InputMovimiento.cpp" />
		<Unit filename="src/AtributosPersonaje/Modificador.cpp" />
		<Unit filename="src/AtributosPersonaje/ModificadorBarra.cpp" />
		<Unit filename="src/AtributosPersonaje/ModificadorEntero.cpp" />
		<Unit filename="src/AtributosPersonaje/ModificadorHitboxes.cpp" />
		<Unit filename="src/AtributosPersonaje/ModificadorImagen.cpp" />
		<Unit filename="src/AtributosPersonaje/ModificadorPorVariable.cpp" />
		<Unit filename="src/AtributosPersonaje/ModificadorString.cpp" />
		<Unit filename="src/AtributosPersonaje/Movimiento.cpp" />
		<Unit filename="src/AtributosPersonaje/Proyectil.cpp" />
		<Unit filename="src/Fighter.cpp" />
		<Unit filename="src/Grafico/Grafico.cpp" />
		<Unit filename="src/Input/Boton.cpp" />
		<Unit filename="src/Input/Input.cpp" />
		<Unit filename="src/Input/Receiver.cpp" />
		<Unit filename="src/Menu/Elemento.cpp" />
		<Unit filename="src/Menu/Menu.cpp" />
		<Unit filename="src/Menu/MenuBarra.cpp" />
		<Unit filename="src/Menu/MenuBoton.cpp" />
		<Unit filename="src/Menu/MenuContenedor.cpp" />
		<Unit filename="src/Menu/MenuImagen.cpp" />
		<Unit filename="src/Menu/MenuLista.cpp" />
		<Unit filename="src/Menu/MenuTexto.cpp" />
		<Unit filename="src/Personaje/Personaje.cpp" />
		<Unit filename="src/Sonido.cpp" />
		<Unit filename="src/Stage.cpp" />
		<Unit filename="src/TinyXml/tinystr.cpp" />
		<Unit filename="src/TinyXml/tinyxml.cpp" />
		<Unit filename="src/TinyXml/tinyxmlerror.cpp" />
		<Unit filename="src/TinyXml/tinyxmlparser.cpp" />
		<Extensions>
			<code_completion />
			<debugger />
		</Extensions>
	</Project>
</CodeBlocks_project_file>
